
Microsoft Visual Studio Solution File, Format Version 12.00
# Visual Studio Version 17
VisualStudioVersion = 17.13.35825.156 d17.13
MinimumVisualStudioVersion = 10.0.40219.1
Project("{FAE04EC0-301F-11D3-BF4B-00C04F79EFBC}") = "DCWriterLite.Net9", "DCWriterLite.Net9.csproj", "{6FF7F5E7-DB32-C54E-910B-D88B1DC52B91}"
EndProject
Global
	GlobalSection(SolutionConfigurationPlatforms) = preSolution
		Debug|Any CPU = Debug|Any CPU
		Release|Any CPU = Release|Any CPU
	EndGlobalSection
	GlobalSection(ProjectConfigurationPlatforms) = postSolution
		{6FF7F5E7-DB32-C54E-910B-D88B1DC52B91}.Debug|Any CPU.ActiveCfg = Debug|Any CPU
		{6FF7F5E7-DB32-C54E-910B-D88B1DC52B91}.Debug|Any CPU.Build.0 = Debug|Any CPU
		{6FF7F5E7-DB32-C54E-910B-D88B1DC52B91}.Release|Any CPU.ActiveCfg = Release|Any CPU
		{6FF7F5E7-DB32-C54E-910B-D88B1DC52B91}.Release|Any CPU.Build.0 = Release|Any CPU
	EndGlobalSection
	GlobalSection(SolutionProperties) = preSolution
		HideSolutionNode = FALSE
	EndGlobalSection
	GlobalSection(ExtensibilityGlobals) = postSolution
		SolutionGuid = {F9BDA03D-1E20-41E3-A877-FF64614D8233}
	EndGlobalSection
EndGlobal
